
Microsoft Visual Studio Solution File, Format Version 12.00
# Visual Studio Version 17
VisualStudioVersion = 17.11.35312.102
MinimumVisualStudioVersion = 10.0.40219.1
Project("{2150E333-8FDC-42A3-9474-1A3956D46DE8}") = "Task0", "Task0", "{D0C1CE09-8326-4EB1-AA65-C541BEF88408}"
EndProject
Project("{FAE04EC0-301F-11D3-BF4B-00C04F79EFBC}") = "Tyuiu.PiskulinIY.Sprint0.Task0.V0", "Tyuiu.PiskulinIY.Sprint0.Task0.V0\Tyuiu.PiskulinIY.Sprint0.Task0.V0.csproj", "{63ED56A7-2FD0-4C42-8882-34AD3880D929}"
EndProject
Project("{2150E333-8FDC-42A3-9474-1A3956D46DE8}") = "Task1", "Task1", "{C4750E7B-DB5B-4D7A-88BB-91199B94B322}"
EndProject
Project("{FAE04EC0-301F-11D3-BF4B-00C04F79EFBC}") = "Tyuiu.PiskulinIY.Sprint0.Task1.V0", "Tyuiu.PiskulinIY.Sprint0.Task1.V0\Tyuiu.PiskulinIY.Sprint0.Task1.V0.csproj", "{65D4A645-1CE3-46C5-AC2A-2DFC4F46B2AB}"
EndProject
Project("{2150E333-8FDC-42A3-9474-1A3956D46DE8}") = "Task2", "Task2", "{2A0D1A78-BAE4-47A4-9B8E-0B8E7F4BB9CC}"
EndProject
Project("{FAE04EC0-301F-11D3-BF4B-00C04F79EFBC}") = "Tyuiu.PiskulinIY.Sprint0.Task2.V0", "Tyuiu.PiskulinIY.Sprint0.Task2.V0\Tyuiu.PiskulinIY.Sprint0.Task2.V0.csproj", "{7794E066-8FB1-42EA-8458-B7C1FEB162C9}"
EndProject
Project("{FAE04EC0-301F-11D3-BF4B-00C04F79EFBC}") = "Tyuiu.PiskulinIY.Sprint0.Task2.V0.Lib", "Tyuiu.PiskulinIY.Sprint0.Task2.V0.Lib\Tyuiu.PiskulinIY.Sprint0.Task2.V0.Lib.csproj", "{C157EF56-FA26-4458-B2E0-71799F7CDBF3}"
EndProject
Project("{FAE04EC0-301F-11D3-BF4B-00C04F79EFBC}") = "Tyuiu.PiskulinIY.Sprint0.Task2.V0.Test", "Tyuiu.PiskulinIY.Sprint0.Task2.V0.Test\Tyuiu.PiskulinIY.Sprint0.Task2.V0.Test.csproj", "{3CAB0B51-C312-4F12-ADE0-0ADD0F535AD8}"
EndProject
Project("{2150E333-8FDC-42A3-9474-1A3956D46DE8}") = "Task3", "Task3", "{A51310B4-6DB3-495B-BA30-AA67C0664147}"
EndProject
Project("{FAE04EC0-301F-11D3-BF4B-00C04F79EFBC}") = "Tyuiu.PiskulinIY.Sprint0.Task3.V0.Lib", "Tyuiu.PiskulinIY.Sprint0.Task3.V0.Lib\Tyuiu.PiskulinIY.Sprint0.Task3.V0.Lib.csproj", "{F35A38F9-080B-4C8B-87EF-1C73DC5F96FD}"
EndProject
Project("{FAE04EC0-301F-11D3-BF4B-00C04F79EFBC}") = "Tyuiu.PiskulinIY.Sprint0.Task3.V0.Test", "Tyuiu.PiskulinIY.Sprint0.Task3.V0.Test\Tyuiu.PiskulinIY.Sprint0.Task3.V0.Test.csproj", "{FDEF0685-978D-4C98-9183-2BFCF235650C}"
EndProject
Project("{9A19103F-16F7-4668-BE54-9A1E7A4F7556}") = "Tyuiu.PiskulinIY.Sprint0.Task3.V0", "Tyuiu.PiskulinIY.Sprint0.Task3.V0\Tyuiu.PiskulinIY.Sprint0.Task3.V0.csproj", "{A5ABC085-F355-40EC-A721-30673A1A11C0}"
EndProject
Project("{2150E333-8FDC-42A3-9474-1A3956D46DE8}") = "Task4", "Task4", "{5409082C-EAB0-4070-9E51-F6FDD9427E21}"
EndProject
Project("{9A19103F-16F7-4668-BE54-9A1E7A4F7556}") = "Tyuiu.PiskulinIY.Sprint0.Task4.V0", "Tyuiu.PiskulinIY.Sprint0.Task4.V0\Tyuiu.PiskulinIY.Sprint0.Task4.V0.csproj", "{30BD9667-AA50-4402-8DC3-D171A145BA5A}"
EndProject
Project("{FAE04EC0-301F-11D3-BF4B-00C04F79EFBC}") = "Tyuiu.PiskulinIY.Sprint0.Task4.V0.Lib", "Tyuiu.PiskulinIY.Sprint0.Task4.V0.Lib\Tyuiu.PiskulinIY.Sprint0.Task4.V0.Lib.csproj", "{F3775AA1-2CD0-41FB-A61E-1C2CB8B9C5E8}"
EndProject
Project("{FAE04EC0-301F-11D3-BF4B-00C04F79EFBC}") = "Tyuiu.PiskulinIY.Sprint0.Task4.V0.Test", "Tyuiu.PiskulinIY.Sprint0.Task4.V0.Test\Tyuiu.PiskulinIY.Sprint0.Task4.V0.Test.csproj", "{08C329BE-8843-4489-B8EF-528662A50B15}"
EndProject
Project("{2150E333-8FDC-42A3-9474-1A3956D46DE8}") = "Task5", "Task5", "{8FE48CA8-6E4E-4522-A4C8-F1D08B3CF427}"
EndProject
Project("{9A19103F-16F7-4668-BE54-9A1E7A4F7556}") = "Tyuiu.PiskulinIY.Sprint0.Task5.V0", "Tyuiu.PiskulinIY.Sprint0.Task5.V0\Tyuiu.PiskulinIY.Sprint0.Task5.V0.csproj", "{F58A7822-3D2F-4F15-95BE-DD0E7DCD5502}"
EndProject
Project("{FAE04EC0-301F-11D3-BF4B-00C04F79EFBC}") = "Tyuiu.PiskulinIY.Sprint0.Task5.V0.Lib", "Tyuiu.PiskulinIY.Sprint0.Task5.V0.Lib\Tyuiu.PiskulinIY.Sprint0.Task5.V0.Lib.csproj", "{1C32A769-2F79-4068-BB34-561AA895600A}"
EndProject
Project("{FAE04EC0-301F-11D3-BF4B-00C04F79EFBC}") = "Tyuiu.PiskulinIY.Sprint0.Task5.V0.Test", "Tyuiu.PiskulinIY.Sprint0.Task5.V0.Test\Tyuiu.PiskulinIY.Sprint0.Task5.V0.Test.csproj", "{4283D824-701B-4062-85A5-156A910E7914}"
EndProject
Project("{2150E333-8FDC-42A3-9474-1A3956D46DE8}") = "Task6", "Task6", "{FD86883D-4024-445F-8687-26B0C2FB3300}"
EndProject
Project("{FAE04EC0-301F-11D3-BF4B-00C04F79EFBC}") = "Tyuiu.PiskulinIY.Sprint0.Task6.V0", "Tyuiu.PiskulinIY.Sprint0.Task6.V0\Tyuiu.PiskulinIY.Sprint0.Task6.V0.csproj", "{A9D34593-00C2-4628-B0AD-919C51E6AB74}"
EndProject
Project("{FAE04EC0-301F-11D3-BF4B-00C04F79EFBC}") = "Tyuiu.PiskulinIY.Sprint0.Task6.V0.Lib", "Tyuiu.PiskulinIY.Sprint0.Task6.V0.Lib\Tyuiu.PiskulinIY.Sprint0.Task6.V0.Lib.csproj", "{8D5ABB43-3B55-41F0-9013-41B796C8693C}"
EndProject
Project("{FAE04EC0-301F-11D3-BF4B-00C04F79EFBC}") = "Tyuiu.PiskulinIY.Sprint0.Task6.V0.Test", "Tyuiu.PiskulinIY.Sprint0.Task6.V0.Test\Tyuiu.PiskulinIY.Sprint0.Task6.V0.Test.csproj", "{B57C1E8E-AF5C-4088-B5F6-64B1A3E86A78}"
EndProject
Global
	GlobalSection(SolutionConfigurationPlatforms) = preSolution
		Debug|Any CPU = Debug|Any CPU
		Release|Any CPU = Release|Any CPU
	EndGlobalSection
	GlobalSection(ProjectConfigurationPlatforms) = postSolution
		{63ED56A7-2FD0-4C42-8882-34AD3880D929}.Debug|Any CPU.ActiveCfg = Debug|Any CPU
		{63ED56A7-2FD0-4C42-8882-34AD3880D929}.Debug|Any CPU.Build.0 = Debug|Any CPU
		{63ED56A7-2FD0-4C42-8882-34AD3880D929}.Release|Any CPU.ActiveCfg = Release|Any CPU
		{63ED56A7-2FD0-4C42-8882-34AD3880D929}.Release|Any CPU.Build.0 = Release|Any CPU
		{65D4A645-1CE3-46C5-AC2A-2DFC4F46B2AB}.Debug|Any CPU.ActiveCfg = Debug|Any CPU
		{65D4A645-1CE3-46C5-AC2A-2DFC4F46B2AB}.Debug|Any CPU.Build.0 = Debug|Any CPU
		{65D4A645-1CE3-46C5-AC2A-2DFC4F46B2AB}.Release|Any CPU.ActiveCfg = Release|Any CPU
		{65D4A645-1CE3-46C5-AC2A-2DFC4F46B2AB}.Release|Any CPU.Build.0 = Release|Any CPU
		{7794E066-8FB1-42EA-8458-B7C1FEB162C9}.Debug|Any CPU.ActiveCfg = Debug|Any CPU
		{7794E066-8FB1-42EA-8458-B7C1FEB162C9}.Debug|Any CPU.Build.0 = Debug|Any CPU
		{7794E066-8FB1-42EA-8458-B7C1FEB162C9}.Release|Any CPU.ActiveCfg = Release|Any CPU
		{7794E066-8FB1-42EA-8458-B7C1FEB162C9}.Release|Any CPU.Build.0 = Release|Any CPU
		{C157EF56-FA26-4458-B2E0-71799F7CDBF3}.Debug|Any CPU.ActiveCfg = Debug|Any CPU
		{C157EF56-FA26-4458-B2E0-71799F7CDBF3}.Debug|Any CPU.Build.0 = Debug|Any CPU
		{C157EF56-FA26-4458-B2E0-71799F7CDBF3}.Release|Any CPU.ActiveCfg = Release|Any CPU
		{C157EF56-FA26-4458-B2E0-71799F7CDBF3}.Release|Any CPU.Build.0 = Release|Any CPU
		{3CAB0B51-C312-4F12-ADE0-0ADD0F535AD8}.Debug|Any CPU.ActiveCfg = Debug|Any CPU
		{3CAB0B51-C312-4F12-ADE0-0ADD0F535AD8}.Debug|Any CPU.Build.0 = Debug|Any CPU
		{3CAB0B51-C312-4F12-ADE0-0ADD0F535AD8}.Release|Any CPU.ActiveCfg = Release|Any CPU
		{3CAB0B51-C312-4F12-ADE0-0ADD0F535AD8}.Release|Any CPU.Build.0 = Release|Any CPU
		{F35A38F9-080B-4C8B-87EF-1C73DC5F96FD}.Debug|Any CPU.ActiveCfg = Debug|Any CPU
		{F35A38F9-080B-4C8B-87EF-1C73DC5F96FD}.Debug|Any CPU.Build.0 = Debug|Any CPU
		{F35A38F9-080B-4C8B-87EF-1C73DC5F96FD}.Release|Any CPU.ActiveCfg = Release|Any CPU
		{F35A38F9-080B-4C8B-87EF-1C73DC5F96FD}.Release|Any CPU.Build.0 = Release|Any CPU
		{FDEF0685-978D-4C98-9183-2BFCF235650C}.Debug|Any CPU.ActiveCfg = Debug|Any CPU
		{FDEF0685-978D-4C98-9183-2BFCF235650C}.Debug|Any CPU.Build.0 = Debug|Any CPU
		{FDEF0685-978D-4C98-9183-2BFCF235650C}.Release|Any CPU.ActiveCfg = Release|Any CPU
		{FDEF0685-978D-4C98-9183-2BFCF235650C}.Release|Any CPU.Build.0 = Release|Any CPU
		{A5ABC085-F355-40EC-A721-30673A1A11C0}.Debug|Any CPU.ActiveCfg = Debug|Any CPU
		{A5ABC085-F355-40EC-A721-30673A1A11C0}.Debug|Any CPU.Build.0 = Debug|Any CPU
		{A5ABC085-F355-40EC-A721-30673A1A11C0}.Release|Any CPU.ActiveCfg = Release|Any CPU
		{A5ABC085-F355-40EC-A721-30673A1A11C0}.Release|Any CPU.Build.0 = Release|Any CPU
		{30BD9667-AA50-4402-8DC3-D171A145BA5A}.Debug|Any CPU.ActiveCfg = Debug|Any CPU
		{30BD9667-AA50-4402-8DC3-D171A145BA5A}.Debug|Any CPU.Build.0 = Debug|Any CPU
		{30BD9667-AA50-4402-8DC3-D171A145BA5A}.Release|Any CPU.ActiveCfg = Release|Any CPU
		{30BD9667-AA50-4402-8DC3-D171A145BA5A}.Release|Any CPU.Build.0 = Release|Any CPU
		{F3775AA1-2CD0-41FB-A61E-1C2CB8B9C5E8}.Debug|Any CPU.ActiveCfg = Debug|Any CPU
		{F3775AA1-2CD0-41FB-A61E-1C2CB8B9C5E8}.Debug|Any CPU.Build.0 = Debug|Any CPU
		{F3775AA1-2CD0-41FB-A61E-1C2CB8B9C5E8}.Release|Any CPU.ActiveCfg = Release|Any CPU
		{F3775AA1-2CD0-41FB-A61E-1C2CB8B9C5E8}.Release|Any CPU.Build.0 = Release|Any CPU
		{08C329BE-8843-4489-B8EF-528662A50B15}.Debug|Any CPU.ActiveCfg = Debug|Any CPU
		{08C329BE-8843-4489-B8EF-528662A50B15}.Debug|Any CPU.Build.0 = Debug|Any CPU
		{08C329BE-8843-4489-B8EF-528662A50B15}.Release|Any CPU.ActiveCfg = Release|Any CPU
		{08C329BE-8843-4489-B8EF-528662A50B15}.Release|Any CPU.Build.0 = Release|Any CPU
		{F58A7822-3D2F-4F15-95BE-DD0E7DCD5502}.Debug|Any CPU.ActiveCfg = Debug|Any CPU
		{F58A7822-3D2F-4F15-95BE-DD0E7DCD5502}.Debug|Any CPU.Build.0 = Debug|Any CPU
		{F58A7822-3D2F-4F15-95BE-DD0E7DCD5502}.Release|Any CPU.ActiveCfg = Release|Any CPU
		{F58A7822-3D2F-4F15-95BE-DD0E7DCD5502}.Release|Any CPU.Build.0 = Release|Any CPU
		{1C32A769-2F79-4068-BB34-561AA895600A}.Debug|Any CPU.ActiveCfg = Debug|Any CPU
		{1C32A769-2F79-4068-BB34-561AA895600A}.Debug|Any CPU.Build.0 = Debug|Any CPU
		{1C32A769-2F79-4068-BB34-561AA895600A}.Release|Any CPU.ActiveCfg = Release|Any CPU
		{1C32A769-2F79-4068-BB34-561AA895600A}.Release|Any CPU.Build.0 = Release|Any CPU
		{4283D824-701B-4062-85A5-156A910E7914}.Debug|Any CPU.ActiveCfg = Debug|Any CPU
		{4283D824-701B-4062-85A5-156A910E7914}.Debug|Any CPU.Build.0 = Debug|Any CPU
		{4283D824-701B-4062-85A5-156A910E7914}.Release|Any CPU.ActiveCfg = Release|Any CPU
		{4283D824-701B-4062-85A5-156A910E7914}.Release|Any CPU.Build.0 = Release|Any CPU
		{A9D34593-00C2-4628-B0AD-919C51E6AB74}.Debug|Any CPU.ActiveCfg = Debug|Any CPU
		{A9D34593-00C2-4628-B0AD-919C51E6AB74}.Debug|Any CPU.Build.0 = Debug|Any CPU
		{A9D34593-00C2-4628-B0AD-919C51E6AB74}.Release|Any CPU.ActiveCfg = Release|Any CPU
		{A9D34593-00C2-4628-B0AD-919C51E6AB74}.Release|Any CPU.Build.0 = Release|Any CPU
		{8D5ABB43-3B55-41F0-9013-41B796C8693C}.Debug|Any CPU.ActiveCfg = Debug|Any CPU
		{8D5ABB43-3B55-41F0-9013-41B796C8693C}.Debug|Any CPU.Build.0 = Debug|Any CPU
		{8D5ABB43-3B55-41F0-9013-41B796C8693C}.Release|Any CPU.ActiveCfg = Release|Any CPU
		{8D5ABB43-3B55-41F0-9013-41B796C8693C}.Release|Any CPU.Build.0 = Release|Any CPU
		{B57C1E8E-AF5C-4088-B5F6-64B1A3E86A78}.Debug|Any CPU.ActiveCfg = Debug|Any CPU
		{B57C1E8E-AF5C-4088-B5F6-64B1A3E86A78}.Debug|Any CPU.Build.0 = Debug|Any CPU
		{B57C1E8E-AF5C-4088-B5F6-64B1A3E86A78}.Release|Any CPU.ActiveCfg = Release|Any CPU
		{B57C1E8E-AF5C-4088-B5F6-64B1A3E86A78}.Release|Any CPU.Build.0 = Release|Any CPU
	EndGlobalSection
	GlobalSection(SolutionProperties) = preSolution
		HideSolutionNode = FALSE
	EndGlobalSection
	GlobalSection(NestedProjects) = preSolution
		{63ED56A7-2FD0-4C42-8882-34AD3880D929} = {D0C1CE09-8326-4EB1-AA65-C541BEF88408}
		{65D4A645-1CE3-46C5-AC2A-2DFC4F46B2AB} = {C4750E7B-DB5B-4D7A-88BB-91199B94B322}
		{7794E066-8FB1-42EA-8458-B7C1FEB162C9} = {2A0D1A78-BAE4-47A4-9B8E-0B8E7F4BB9CC}
		{C157EF56-FA26-4458-B2E0-71799F7CDBF3} = {2A0D1A78-BAE4-47A4-9B8E-0B8E7F4BB9CC}
		{3CAB0B51-C312-4F12-ADE0-0ADD0F535AD8} = {2A0D1A78-BAE4-47A4-9B8E-0B8E7F4BB9CC}
		{F35A38F9-080B-4C8B-87EF-1C73DC5F96FD} = {A51310B4-6DB3-495B-BA30-AA67C0664147}
		{FDEF0685-978D-4C98-9183-2BFCF235650C} = {A51310B4-6DB3-495B-BA30-AA67C0664147}
		{A5ABC085-F355-40EC-A721-30673A1A11C0} = {A51310B4-6DB3-495B-BA30-AA67C0664147}
		{30BD9667-AA50-4402-8DC3-D171A145BA5A} = {5409082C-EAB0-4070-9E51-F6FDD9427E21}
		{F3775AA1-2CD0-41FB-A61E-1C2CB8B9C5E8} = {5409082C-EAB0-4070-9E51-F6FDD9427E21}
		{08C329BE-8843-4489-B8EF-528662A50B15} = {5409082C-EAB0-4070-9E51-F6FDD9427E21}
		{F58A7822-3D2F-4F15-95BE-DD0E7DCD5502} = {8FE48CA8-6E4E-4522-A4C8-F1D08B3CF427}
		{1C32A769-2F79-4068-BB34-561AA895600A} = {8FE48CA8-6E4E-4522-A4C8-F1D08B3CF427}
		{4283D824-701B-4062-85A5-156A910E7914} = {8FE48CA8-6E4E-4522-A4C8-F1D08B3CF427}
		{A9D34593-00C2-4628-B0AD-919C51E6AB74} = {FD86883D-4024-445F-8687-26B0C2FB3300}
		{8D5ABB43-3B55-41F0-9013-41B796C8693C} = {FD86883D-4024-445F-8687-26B0C2FB3300}
		{B57C1E8E-AF5C-4088-B5F6-64B1A3E86A78} = {FD86883D-4024-445F-8687-26B0C2FB3300}
	EndGlobalSection
	GlobalSection(ExtensibilityGlobals) = postSolution
		SolutionGuid = {602078F4-6E66-4841-99FE-ABAF7CE1DD13}
	EndGlobalSection
EndGlobal
